
Microsoft Visual Studio Solution File, Format Version 12.00
# Visual Studio Version 16
VisualStudioVersion = 16.0.29111.141
MinimumVisualStudioVersion = 10.0.40219.1
Project("{FAE04EC0-301F-11D3-BF4B-00C04F79EFBC}") = "BinaryTree", "BinaryTree.csproj", "{39DE037C-A2A9-4BAD-8B5C-3CA7180CB484}"
EndProject
Project("{FAE04EC0-301F-11D3-BF4B-00C04F79EFBC}") = "BinaryTreeTest", "..\BinaryTreeTest\BinaryTreeTest.csproj", "{6061F736-A9E9-46F6-ABE5-282AC6BEDC42}"
EndProject
Global
	GlobalSection(SolutionConfigurationPlatforms) = preSolution
		Debug|Any CPU = Debug|Any CPU
		Release|Any CPU = Release|Any CPU
	EndGlobalSection
	GlobalSection(ProjectConfigurationPlatforms) = postSolution
		{39DE037C-A2A9-4BAD-8B5C-3CA7180CB484}.Debug|Any CPU.ActiveCfg = Debug|Any CPU
		{39DE037C-A2A9-4BAD-8B5C-3CA7180CB484}.Debug|Any CPU.Build.0 = Debug|Any CPU
		{39DE037C-A2A9-4BAD-8B5C-3CA7180CB484}.Release|Any CPU.ActiveCfg = Release|Any CPU
		{39DE037C-A2A9-4BAD-8B5C-3CA7180CB484}.Release|Any CPU.Build.0 = Release|Any CPU
		{6061F736-A9E9-46F6-ABE5-282AC6BEDC42}.Debug|Any CPU.ActiveCfg = Debug|Any CPU
		{6061F736-A9E9-46F6-ABE5-282AC6BEDC42}.Debug|Any CPU.Build.0 = Debug|Any CPU
		{6061F736-A9E9-46F6-ABE5-282AC6BEDC42}.Release|Any CPU.ActiveCfg = Release|Any CPU
		{6061F736-A9E9-46F6-ABE5-282AC6BEDC42}.Release|Any CPU.Build.0 = Release|Any CPU
	EndGlobalSection
	GlobalSection(SolutionProperties) = preSolution
		HideSolutionNode = FALSE
	EndGlobalSection
	GlobalSection(ExtensibilityGlobals) = postSolution
		SolutionGuid = {A99860FD-7A3E-4685-B3DB-BE0D30963E32}
	EndGlobalSection
EndGlobal
